// !$*UTF8*$!
{
	archiveVersion = 1;
	classes = {
	};
	objectVersion = 48;
	objects = {

/* Begin PBXBuildFile section */
		120291322154ED52000A611F /* AlertQuestionAnswerView.swift in Sources */ = {isa = PBXBuildFile; fileRef = 120291312154ED52000A611F /* AlertQuestionAnswerView.swift */; };
		120D6ADA21148BE100904FBE /* libc++abi.tbd in Frameworks */ = {isa = PBXBuildFile; fileRef = 120D6AD921148BE100904FBE /* libc++abi.tbd */; };
		121AC168216E13790012E64E /* AVKit.framework in Frameworks */ = {isa = PBXBuildFile; fileRef = 121AC166216E13770012E64E /* AVKit.framework */; };
		121AC169216E13790012E64E /* AVFoundation.framework in Frameworks */ = {isa = PBXBuildFile; fileRef = 121AC167216E13770012E64E /* AVFoundation.framework */; };
		1227CD54211807EE00EB5FB5 /* CFNetwork.framework in Frameworks */ = {isa = PBXBuildFile; fileRef = 1227CD53211807EE00EB5FB5 /* CFNetwork.framework */; };
		1227CD562118080B00EB5FB5 /* SystemConfiguration.framework in Frameworks */ = {isa = PBXBuildFile; fileRef = 1227CD552118080A00EB5FB5 /* SystemConfiguration.framework */; };
		1227CD58211821AB00EB5FB5 /* CommonWebserviceClass.swift in Sources */ = {isa = PBXBuildFile; fileRef = 1227CD57211821AA00EB5FB5 /* CommonWebserviceClass.swift */; };
		1227CD5A211828AA00EB5FB5 /* WebserviceNames.swift in Sources */ = {isa = PBXBuildFile; fileRef = 1227CD59211828AA00EB5FB5 /* WebserviceNames.swift */; };
		1227CD5C2118556F00EB5FB5 /* CollectionViewCell.swift in Sources */ = {isa = PBXBuildFile; fileRef = 1227CD5B2118556F00EB5FB5 /* CollectionViewCell.swift */; };
		1239E3B1216B383F00848B05 /* ContentOptionViewController.swift in Sources */ = {isa = PBXBuildFile; fileRef = 1239E3B0216B383F00848B05 /* ContentOptionViewController.swift */; };
		1239E3B4216B3D3100848B05 /* ContentOptionCell.swift in Sources */ = {isa = PBXBuildFile; fileRef = 1239E3B2216B3D3100848B05 /* ContentOptionCell.swift */; };
		1239E3B5216B3D3100848B05 /* ContentOptionCell.xib in Resources */ = {isa = PBXBuildFile; fileRef = 1239E3B3216B3D3100848B05 /* ContentOptionCell.xib */; };
		1242A55F217EFEB2008FA99C /* SearchMediaViewController.swift in Sources */ = {isa = PBXBuildFile; fileRef = 1242A55E217EFEB2008FA99C /* SearchMediaViewController.swift */; };
		124A24B6212D333200471FF1 /* WeeklyListViewController.swift in Sources */ = {isa = PBXBuildFile; fileRef = 124A24B5212D333200471FF1 /* WeeklyListViewController.swift */; };
		124A24B9212D366300471FF1 /* WeeklyTableViewCell.swift in Sources */ = {isa = PBXBuildFile; fileRef = 124A24B7212D366300471FF1 /* WeeklyTableViewCell.swift */; };
		124A24BA212D366300471FF1 /* WeeklyTableViewCell.xib in Resources */ = {isa = PBXBuildFile; fileRef = 124A24B8212D366300471FF1 /* WeeklyTableViewCell.xib */; };
		124A24BC212D449E00471FF1 /* WeeklyUnitListVC.swift in Sources */ = {isa = PBXBuildFile; fileRef = 124A24BB212D449E00471FF1 /* WeeklyUnitListVC.swift */; };
		124A24BF212D485300471FF1 /* WeeklyUnitListCell.swift in Sources */ = {isa = PBXBuildFile; fileRef = 124A24BD212D485300471FF1 /* WeeklyUnitListCell.swift */; };
		124A24C0212D485300471FF1 /* WeeklyUnitListCell.xib in Resources */ = {isa = PBXBuildFile; fileRef = 124A24BE212D485300471FF1 /* WeeklyUnitListCell.xib */; };
		125013202109AA66009A7234 /* libcompression.tbd in Frameworks */ = {isa = PBXBuildFile; fileRef = 1250131F2109AA65009A7234 /* libcompression.tbd */; };
		125013222109AA8A009A7234 /* Security.framework in Frameworks */ = {isa = PBXBuildFile; fileRef = 125013212109AA8A009A7234 /* Security.framework */; };
		12562C99216C89C400EEB796 /* TestViewController.swift in Sources */ = {isa = PBXBuildFile; fileRef = 12562C98216C89C400EEB796 /* TestViewController.swift */; };
		12562C9C216CA3A800EEB796 /* TestLblingCell.swift in Sources */ = {isa = PBXBuildFile; fileRef = 12562C9A216CA3A800EEB796 /* TestLblingCell.swift */; };
		12562C9D216CA3A800EEB796 /* TestLblingCell.xib in Resources */ = {isa = PBXBuildFile; fileRef = 12562C9B216CA3A800EEB796 /* TestLblingCell.xib */; };
		12562CA0216CC2C400EEB796 /* Q_mc_Cell.swift in Sources */ = {isa = PBXBuildFile; fileRef = 12562C9E216CC2C400EEB796 /* Q_mc_Cell.swift */; };
		12562CA1216CC2C400EEB796 /* Q_mc_Cell.xib in Resources */ = {isa = PBXBuildFile; fileRef = 12562C9F216CC2C400EEB796 /* Q_mc_Cell.xib */; };
		125C181A21887D4F0096DE86 /* Q_match_Cell.swift in Sources */ = {isa = PBXBuildFile; fileRef = 125C181821887D4E0096DE86 /* Q_match_Cell.swift */; };
		125C181B21887D4F0096DE86 /* Q_match_Cell.xib in Resources */ = {isa = PBXBuildFile; fileRef = 125C181921887D4E0096DE86 /* Q_match_Cell.xib */; };
		125C181E21887DAB0096DE86 /* Q_check_all_Cell.swift in Sources */ = {isa = PBXBuildFile; fileRef = 125C181C21887DAB0096DE86 /* Q_check_all_Cell.swift */; };
		125C181F21887DAB0096DE86 /* Q_check_all_Cell.xib in Resources */ = {isa = PBXBuildFile; fileRef = 125C181D21887DAB0096DE86 /* Q_check_all_Cell.xib */; };
		125C182221887DF00096DE86 /* Q_open_Cell.swift in Sources */ = {isa = PBXBuildFile; fileRef = 125C182021887DF00096DE86 /* Q_open_Cell.swift */; };
		125C182321887DF00096DE86 /* Q_open_Cell.xib in Resources */ = {isa = PBXBuildFile; fileRef = 125C182121887DF00096DE86 /* Q_open_Cell.xib */; };
		125C182621887E820096DE86 /* Q_sorting_Cell.swift in Sources */ = {isa = PBXBuildFile; fileRef = 125C182421887E820096DE86 /* Q_sorting_Cell.swift */; };
		125C182721887E820096DE86 /* Q_sorting_Cell.xib in Resources */ = {isa = PBXBuildFile; fileRef = 125C182521887E820096DE86 /* Q_sorting_Cell.xib */; };
		125C182A21887EE20096DE86 /* Q_true_false_Cell.swift in Sources */ = {isa = PBXBuildFile; fileRef = 125C182821887EE10096DE86 /* Q_true_false_Cell.swift */; };
		125C182B21887EE20096DE86 /* Q_true_false_Cell.xib in Resources */ = {isa = PBXBuildFile; fileRef = 125C182921887EE20096DE86 /* Q_true_false_Cell.xib */; };
		125C182E21887F5C0096DE86 /* Q_rfib_Cell.swift in Sources */ = {isa = PBXBuildFile; fileRef = 125C182C21887F5C0096DE86 /* Q_rfib_Cell.swift */; };
		125C182F21887F5C0096DE86 /* Q_rfib_Cell.xib in Resources */ = {isa = PBXBuildFile; fileRef = 125C182D21887F5C0096DE86 /* Q_rfib_Cell.xib */; };
		1264B4892165D8710037E96E /* PinClass.swift in Sources */ = {isa = PBXBuildFile; fileRef = 1264B4882165D8710037E96E /* PinClass.swift */; };
		1264B48B2165D8A70037E96E /* PinClass.xib in Resources */ = {isa = PBXBuildFile; fileRef = 1264B48A2165D8A70037E96E /* PinClass.xib */; };
		127A569E215A5871003F3799 /* MediaClass.swift in Sources */ = {isa = PBXBuildFile; fileRef = 127A569D215A5871003F3799 /* MediaClass.swift */; };
		128A5FD8210ECBB2004D457A /* NetworkCheck.swift in Sources */ = {isa = PBXBuildFile; fileRef = 128A5FD7210ECBB2004D457A /* NetworkCheck.swift */; };
		128A5FDA210EE82D004D457A /* CustomController.swift in Sources */ = {isa = PBXBuildFile; fileRef = 128A5FD9210EE82D004D457A /* CustomController.swift */; };
		128A5FE0210F14E8004D457A /* SearchViewController.swift in Sources */ = {isa = PBXBuildFile; fileRef = 128A5FDF210F14E8004D457A /* SearchViewController.swift */; };
		128A5FE3210F1516004D457A /* PlayViewController.swift in Sources */ = {isa = PBXBuildFile; fileRef = 128A5FE2210F1516004D457A /* PlayViewController.swift */; };
		128A5FE6210F1FC0004D457A /* MoreViewController.swift in Sources */ = {isa = PBXBuildFile; fileRef = 128A5FE5210F1FC0004D457A /* MoreViewController.swift */; };
		129174A12112DBB6002672DC /* User.swift in Sources */ = {isa = PBXBuildFile; fileRef = 129174A02112DBB6002672DC /* User.swift */; };
		129174A32113146C002672DC /* CallBackHanderClass.swift in Sources */ = {isa = PBXBuildFile; fileRef = 129174A22113146C002672DC /* CallBackHanderClass.swift */; };
		129174A821131650002672DC /* UserDAO.swift in Sources */ = {isa = PBXBuildFile; fileRef = 129174A721131650002672DC /* UserDAO.swift */; };
		129174AA211316E9002672DC /* DataManager.swift in Sources */ = {isa = PBXBuildFile; fileRef = 129174A9211316E9002672DC /* DataManager.swift */; };
		1291978D2133DA8200B72CAD /* QuestionTableViewCell.swift in Sources */ = {isa = PBXBuildFile; fileRef = 1291978B2133DA8200B72CAD /* QuestionTableViewCell.swift */; };
		1291978E2133DA8200B72CAD /* QuestionTableViewCell.xib in Resources */ = {isa = PBXBuildFile; fileRef = 1291978C2133DA8200B72CAD /* QuestionTableViewCell.xib */; };
		12A903A82136C0A9006C8C02 /* BonusPointCell.swift in Sources */ = {isa = PBXBuildFile; fileRef = 12A903A62136C0A9006C8C02 /* BonusPointCell.swift */; };
		12A903A92136C0A9006C8C02 /* BonusPointCell.xib in Resources */ = {isa = PBXBuildFile; fileRef = 12A903A72136C0A9006C8C02 /* BonusPointCell.xib */; };
		12A903AD2136C932006C8C02 /* BonusViewController.swift in Sources */ = {isa = PBXBuildFile; fileRef = 12A903AC2136C932006C8C02 /* BonusViewController.swift */; };
		12A9A5E3213528310014CBA1 /* HeaderView.xib in Resources */ = {isa = PBXBuildFile; fileRef = 12A9A5E2213528310014CBA1 /* HeaderView.xib */; };
		12A9A5E52135292E0014CBA1 /* HeaderView.swift in Sources */ = {isa = PBXBuildFile; fileRef = 12A9A5E42135292E0014CBA1 /* HeaderView.swift */; };
		12A9D18F2137C77300A5424A /* BonusDetailsVC.swift in Sources */ = {isa = PBXBuildFile; fileRef = 12A9D18E2137C77300A5424A /* BonusDetailsVC.swift */; };
		12AAFF2F212EB8F40022E050 /* WeeklyDetailVC.swift in Sources */ = {isa = PBXBuildFile; fileRef = 12AAFF2E212EB8F40022E050 /* WeeklyDetailVC.swift */; };
		12AC1A5621085A02002E74AA /* NetworkParameter.swift in Sources */ = {isa = PBXBuildFile; fileRef = 12AC1A5521085A02002E74AA /* NetworkParameter.swift */; };
		12AC1C3221088114002E74AA /* NetworkResponses.swift in Sources */ = {isa = PBXBuildFile; fileRef = 12AC1C3121088114002E74AA /* NetworkResponses.swift */; };
		12AC1C3421088C65002E74AA /* NetworkAPI.swift in Sources */ = {isa = PBXBuildFile; fileRef = 12AC1C3321088C65002E74AA /* NetworkAPI.swift */; };
		12AC1C352108A5E7002E74AA /* libapple_crypto.tbd in Frameworks */ = {isa = PBXBuildFile; fileRef = 12ED82852101B70800BDAB25 /* libapple_crypto.tbd */; };
		12AE4808210F3DB80079F3DC /* HomeFileViewController.swift in Sources */ = {isa = PBXBuildFile; fileRef = 12AE4807210F3DB80079F3DC /* HomeFileViewController.swift */; };
		12AF124121537AA100ECB2B8 /* TextToSpeechClass.swift in Sources */ = {isa = PBXBuildFile; fileRef = 12AF124021537AA100ECB2B8 /* TextToSpeechClass.swift */; };
		12B1CED121254BF400958F50 /* ScreenViewController.swift in Sources */ = {isa = PBXBuildFile; fileRef = 12B1CED021254BF400958F50 /* ScreenViewController.swift */; };
		12B1CED4212551B700958F50 /* ScreenCell.swift in Sources */ = {isa = PBXBuildFile; fileRef = 12B1CED2212551B700958F50 /* ScreenCell.swift */; };
		12B1CED5212551B700958F50 /* ScreenCell.xib in Resources */ = {isa = PBXBuildFile; fileRef = 12B1CED3212551B700958F50 /* ScreenCell.xib */; };
		12B1CED82125912000958F50 /* SearchCell.swift in Sources */ = {isa = PBXBuildFile; fileRef = 12B1CED62125912000958F50 /* SearchCell.swift */; };
		12B1CED92125912000958F50 /* SearchCell.xib in Resources */ = {isa = PBXBuildFile; fileRef = 12B1CED72125912000958F50 /* SearchCell.xib */; };
		12B206C320FF11D4008B6B8C /* Foundation.framework in Frameworks */ = {isa = PBXBuildFile; fileRef = 12B206C220FF11D4008B6B8C /* Foundation.framework */; };
		12B26A492180819200F3AD50 /* AudioPlayClass.swift in Sources */ = {isa = PBXBuildFile; fileRef = 12B26A482180819200F3AD50 /* AudioPlayClass.swift */; };
		12B5161321673B5E0038714A /* StorageSizeClass.swift in Sources */ = {isa = PBXBuildFile; fileRef = 12B5161221673B5E0038714A /* StorageSizeClass.swift */; };
		12B767FE211AC580008724A1 /* CoreDBManager.swift in Sources */ = {isa = PBXBuildFile; fileRef = 12B767FD211AC580008724A1 /* CoreDBManager.swift */; };
		12B76801211B0B84008724A1 /* SettingsViewController.swift in Sources */ = {isa = PBXBuildFile; fileRef = 12B76800211B0B84008724A1 /* SettingsViewController.swift */; };
		12BFE9EB20F71DBF0082D03B /* AppDelegate.swift in Sources */ = {isa = PBXBuildFile; fileRef = 12BFE9EA20F71DBF0082D03B /* AppDelegate.swift */; };
		12BFE9ED20F71DBF0082D03B /* ViewController.swift in Sources */ = {isa = PBXBuildFile; fileRef = 12BFE9EC20F71DBF0082D03B /* ViewController.swift */; };
		12BFE9F020F71DBF0082D03B /* Main.storyboard in Resources */ = {isa = PBXBuildFile; fileRef = 12BFE9EE20F71DBF0082D03B /* Main.storyboard */; };
		12BFE9F320F71DBF0082D03B /* StudyWeaklyApp.xcdatamodeld in Sources */ = {isa = PBXBuildFile; fileRef = 12BFE9F120F71DBF0082D03B /* StudyWeaklyApp.xcdatamodeld */; };
		12BFE9F520F71DBF0082D03B /* Assets.xcassets in Resources */ = {isa = PBXBuildFile; fileRef = 12BFE9F420F71DBF0082D03B /* Assets.xcassets */; };
		12BFE9F820F71DBF0082D03B /* LaunchScreen.storyboard in Resources */ = {isa = PBXBuildFile; fileRef = 12BFE9F620F71DBF0082D03B /* LaunchScreen.storyboard */; };
		12BFEA0120F7338F0082D03B /* CustomTextField.swift in Sources */ = {isa = PBXBuildFile; fileRef = 12BFEA0020F7338F0082D03B /* CustomTextField.swift */; };
		12BFEA0520F7562F0082D03B /* CustomBGBorderBtn.swift in Sources */ = {isa = PBXBuildFile; fileRef = 12BFEA0420F7562F0082D03B /* CustomBGBorderBtn.swift */; };
		12BFEA0720F782F30082D03B /* ConstantClass.swift in Sources */ = {isa = PBXBuildFile; fileRef = 12BFEA0620F782F30082D03B /* ConstantClass.swift */; };
		12CB2CE220F86FA40055E736 /* ForgotPasswordVC.swift in Sources */ = {isa = PBXBuildFile; fileRef = 12CB2CE120F86FA40055E736 /* ForgotPasswordVC.swift */; };
		12CBF7512177309000936F80 /* SearchClassModel.swift in Sources */ = {isa = PBXBuildFile; fileRef = 12CBF7502177309000936F80 /* SearchClassModel.swift */; };
		12D0BCDA212C30EB00858BC8 /* CommonDownloadClass.swift in Sources */ = {isa = PBXBuildFile; fileRef = 12D0BCD9212C30EB00858BC8 /* CommonDownloadClass.swift */; };
		12DC86CA2158F88800A46139 /* StorageClass.swift in Sources */ = {isa = PBXBuildFile; fileRef = 12DC86C92158F88800A46139 /* StorageClass.swift */; };
		12E79C8321789DE000529723 /* DemoTestViewController.swift in Sources */ = {isa = PBXBuildFile; fileRef = 12E79C8221789DE000529723 /* DemoTestViewController.swift */; };
		12ED82822101AF5600BDAB25 /* String+md5.swift in Sources */ = {isa = PBXBuildFile; fileRef = 12ED82812101AF5600BDAB25 /* String+md5.swift */; };
		12F070E4211030F20071FA05 /* CustomCircularClass.swift in Sources */ = {isa = PBXBuildFile; fileRef = 12F070E3211030F20071FA05 /* CustomCircularClass.swift */; };
		12F070E6211041A90071FA05 /* DBManager.swift in Sources */ = {isa = PBXBuildFile; fileRef = 12F070E5211041A90071FA05 /* DBManager.swift */; };
		12F070E8211041B20071FA05 /* MyItem.swift in Sources */ = {isa = PBXBuildFile; fileRef = 12F070E7211041B20071FA05 /* MyItem.swift */; };
		12F85CD7215B7A4100A48C5F /* AlertQuestionAnswerView.xib in Resources */ = {isa = PBXBuildFile; fileRef = 12F85CD6215B7A4000A48C5F /* AlertQuestionAnswerView.xib */; };
		12F85CD9215B7A9100A48C5F /* WrongAnswer.swift in Sources */ = {isa = PBXBuildFile; fileRef = 12F85CD8215B7A9100A48C5F /* WrongAnswer.swift */; };
		12F85CDB215B7AAD00A48C5F /* WrongAnswer.xib in Resources */ = {isa = PBXBuildFile; fileRef = 12F85CDA215B7AAD00A48C5F /* WrongAnswer.xib */; };
		12FA2DF7216F167E00528838 /* ScoreViewController.swift in Sources */ = {isa = PBXBuildFile; fileRef = 12FA2DF6216F167E00528838 /* ScoreViewController.swift */; };
		12FA2DFE216F1D8500528838 /* Sore_labeling_Cell.swift in Sources */ = {isa = PBXBuildFile; fileRef = 12FA2DFC216F1D8500528838 /* Sore_labeling_Cell.swift */; };
		12FA2DFF216F1D8500528838 /* Sore_labeling_Cell.xib in Resources */ = {isa = PBXBuildFile; fileRef = 12FA2DFD216F1D8500528838 /* Sore_labeling_Cell.xib */; };
		516C18CD146D8FAC06843C05 /* Pods_StudiesWeekly.framework in Frameworks */ = {isa = PBXBuildFile; fileRef = 15DAFCF0AC3186751E12484F /* Pods_StudiesWeekly.framework */; };
/* End PBXBuildFile section */

/* Begin PBXCopyFilesBuildPhase section */
		12AC1A5121085098002E74AA /* Embed Frameworks */ = {
			isa = PBXCopyFilesBuildPhase;
			buildActionMask = 12;
			dstPath = "";
			dstSubfolderSpec = 10;
			files = (
			);
			name = "Embed Frameworks";
			runOnlyForDeploymentPostprocessing = 0;
		};
/* End PBXCopyFilesBuildPhase section */

/* Begin PBXFileReference section */
		120291312154ED52000A611F /* AlertQuestionAnswerView.swift */ = {isa = PBXFileReference; lastKnownFileType = sourcecode.swift; path = AlertQuestionAnswerView.swift; sourceTree = "<group>"; };
		120D6AD921148BE100904FBE /* libc++abi.tbd */ = {isa = PBXFileReference; lastKnownFileType = "sourcecode.text-based-dylib-definition"; name = "libc++abi.tbd"; path = "usr/lib/libc++abi.tbd"; sourceTree = SDKROOT; };
		121AC166216E13770012E64E /* AVKit.framework */ = {isa = PBXFileReference; lastKnownFileType = wrapper.framework; name = AVKit.framework; path = System/Library/Frameworks/AVKit.framework; sourceTree = SDKROOT; };
		121AC167216E13770012E64E /* AVFoundation.framework */ = {isa = PBXFileReference; lastKnownFileType = wrapper.framework; name = AVFoundation.framework; path = System/Library/Frameworks/AVFoundation.framework; sourceTree = SDKROOT; };
		1227CD53211807EE00EB5FB5 /* CFNetwork.framework */ = {isa = PBXFileReference; lastKnownFileType = wrapper.framework; name = CFNetwork.framework; path = System/Library/Frameworks/CFNetwork.framework; sourceTree = SDKROOT; };
		1227CD552118080A00EB5FB5 /* SystemConfiguration.framework */ = {isa = PBXFileReference; lastKnownFileType = wrapper.framework; name = SystemConfiguration.framework; path = System/Library/Frameworks/SystemConfiguration.framework; sourceTree = SDKROOT; };
		1227CD57211821AA00EB5FB5 /* CommonWebserviceClass.swift */ = {isa = PBXFileReference; fileEncoding = 4; lastKnownFileType = sourcecode.swift; path = CommonWebserviceClass.swift; sourceTree = "<group>"; };
		1227CD59211828AA00EB5FB5 /* WebserviceNames.swift */ = {isa = PBXFileReference; lastKnownFileType = sourcecode.swift; path = WebserviceNames.swift; sourceTree = "<group>"; };
		1227CD5B2118556F00EB5FB5 /* CollectionViewCell.swift */ = {isa = PBXFileReference; lastKnownFileType = sourcecode.swift; path = CollectionViewCell.swift; sourceTree = "<group>"; };
		1239E3B0216B383F00848B05 /* ContentOptionViewController.swift */ = {isa = PBXFileReference; lastKnownFileType = sourcecode.swift; path = ContentOptionViewController.swift; sourceTree = "<group>"; };
		1239E3B2216B3D3100848B05 /* ContentOptionCell.swift */ = {isa = PBXFileReference; lastKnownFileType = sourcecode.swift; path = ContentOptionCell.swift; sourceTree = "<group>"; };
		1239E3B3216B3D3100848B05 /* ContentOptionCell.xib */ = {isa = PBXFileReference; lastKnownFileType = file.xib; path = ContentOptionCell.xib; sourceTree = "<group>"; };
		1242A55E217EFEB2008FA99C /* SearchMediaViewController.swift */ = {isa = PBXFileReference; lastKnownFileType = sourcecode.swift; path = SearchMediaViewController.swift; sourceTree = "<group>"; };
		124A24B5212D333200471FF1 /* WeeklyListViewController.swift */ = {isa = PBXFileReference; lastKnownFileType = sourcecode.swift; path = WeeklyListViewController.swift; sourceTree = "<group>"; };
		124A24B7212D366300471FF1 /* WeeklyTableViewCell.swift */ = {isa = PBXFileReference; lastKnownFileType = sourcecode.swift; path = WeeklyTableViewCell.swift; sourceTree = "<group>"; };
		124A24B8212D366300471FF1 /* WeeklyTableViewCell.xib */ = {isa = PBXFileReference; lastKnownFileType = file.xib; path = WeeklyTableViewCell.xib; sourceTree = "<group>"; };
		124A24BB212D449E00471FF1 /* WeeklyUnitListVC.swift */ = {isa = PBXFileReference; lastKnownFileType = sourcecode.swift; path = WeeklyUnitListVC.swift; sourceTree = "<group>"; };
		124A24BD212D485300471FF1 /* WeeklyUnitListCell.swift */ = {isa = PBXFileReference; lastKnownFileType = sourcecode.swift; path = WeeklyUnitListCell.swift; sourceTree = "<group>"; };
		124A24BE212D485300471FF1 /* WeeklyUnitListCell.xib */ = {isa = PBXFileReference; lastKnownFileType = file.xib; path = WeeklyUnitListCell.xib; sourceTree = "<group>"; };
		1250131F2109AA65009A7234 /* libcompression.tbd */ = {isa = PBXFileReference; lastKnownFileType = "sourcecode.text-based-dylib-definition"; name = libcompression.tbd; path = usr/lib/libcompression.tbd; sourceTree = SDKROOT; };
		125013212109AA8A009A7234 /* Security.framework */ = {isa = PBXFileReference; lastKnownFileType = wrapper.framework; name = Security.framework; path = System/Library/Frameworks/Security.framework; sourceTree = SDKROOT; };
		12562C98216C89C400EEB796 /* TestViewController.swift */ = {isa = PBXFileReference; lastKnownFileType = sourcecode.swift; path = TestViewController.swift; sourceTree = "<group>"; };
		12562C9A216CA3A800EEB796 /* TestLblingCell.swift */ = {isa = PBXFileReference; lastKnownFileType = sourcecode.swift; path = TestLblingCell.swift; sourceTree = "<group>"; };
		12562C9B216CA3A800EEB796 /* TestLblingCell.xib */ = {isa = PBXFileReference; lastKnownFileType = file.xib; path = TestLblingCell.xib; sourceTree = "<group>"; };
		12562C9E216CC2C400EEB796 /* Q_mc_Cell.swift */ = {isa = PBXFileReference; lastKnownFileType = sourcecode.swift; path = Q_mc_Cell.swift; sourceTree = "<group>"; };
		12562C9F216CC2C400EEB796 /* Q_mc_Cell.xib */ = {isa = PBXFileReference; lastKnownFileType = file.xib; path = Q_mc_Cell.xib; sourceTree = "<group>"; };
		125C181821887D4E0096DE86 /* Q_match_Cell.swift */ = {isa = PBXFileReference; lastKnownFileType = sourcecode.swift; path = Q_match_Cell.swift; sourceTree = "<group>"; };
		125C181921887D4E0096DE86 /* Q_match_Cell.xib */ = {isa = PBXFileReference; lastKnownFileType = file.xib; path = Q_match_Cell.xib; sourceTree = "<group>"; };
		125C181C21887DAB0096DE86 /* Q_check_all_Cell.swift */ = {isa = PBXFileReference; lastKnownFileType = sourcecode.swift; path = Q_check_all_Cell.swift; sourceTree = "<group>"; };
		125C181D21887DAB0096DE86 /* Q_check_all_Cell.xib */ = {isa = PBXFileReference; lastKnownFileType = file.xib; path = Q_check_all_Cell.xib; sourceTree = "<group>"; };
		125C182021887DF00096DE86 /* Q_open_Cell.swift */ = {isa = PBXFileReference; lastKnownFileType = sourcecode.swift; path = Q_open_Cell.swift; sourceTree = "<group>"; };
		125C182121887DF00096DE86 /* Q_open_Cell.xib */ = {isa = PBXFileReference; lastKnownFileType = file.xib; path = Q_open_Cell.xib; sourceTree = "<group>"; };
		125C182421887E820096DE86 /* Q_sorting_Cell.swift */ = {isa = PBXFileReference; lastKnownFileType = sourcecode.swift; path = Q_sorting_Cell.swift; sourceTree = "<group>"; };
		125C182521887E820096DE86 /* Q_sorting_Cell.xib */ = {isa = PBXFileReference; lastKnownFileType = file.xib; path = Q_sorting_Cell.xib; sourceTree = "<group>"; };
		125C182821887EE10096DE86 /* Q_true_false_Cell.swift */ = {isa = PBXFileReference; lastKnownFileType = sourcecode.swift; path = Q_true_false_Cell.swift; sourceTree = "<group>"; };
		125C182921887EE20096DE86 /* Q_true_false_Cell.xib */ = {isa = PBXFileReference; lastKnownFileType = file.xib; path = Q_true_false_Cell.xib; sourceTree = "<group>"; };
		125C182C21887F5C0096DE86 /* Q_rfib_Cell.swift */ = {isa = PBXFileReference; lastKnownFileType = sourcecode.swift; path = Q_rfib_Cell.swift; sourceTree = "<group>"; };
		125C182D21887F5C0096DE86 /* Q_rfib_Cell.xib */ = {isa = PBXFileReference; lastKnownFileType = file.xib; path = Q_rfib_Cell.xib; sourceTree = "<group>"; };
		1264B4882165D8710037E96E /* PinClass.swift */ = {isa = PBXFileReference; lastKnownFileType = sourcecode.swift; path = PinClass.swift; sourceTree = "<group>"; };
		1264B48A2165D8A70037E96E /* PinClass.xib */ = {isa = PBXFileReference; lastKnownFileType = file.xib; path = PinClass.xib; sourceTree = "<group>"; };
		1265B93720FDC947000D1029 /*  Bridging Header.h */ = {isa = PBXFileReference; lastKnownFileType = sourcecode.c.h; path = " Bridging Header.h"; sourceTree = "<group>"; };
		127A569D215A5871003F3799 /* MediaClass.swift */ = {isa = PBXFileReference; lastKnownFileType = sourcecode.swift; path = MediaClass.swift; sourceTree = "<group>"; };
		128A5FD7210ECBB2004D457A /* NetworkCheck.swift */ = {isa = PBXFileReference; lastKnownFileType = sourcecode.swift; path = NetworkCheck.swift; sourceTree = "<group>"; };
		128A5FD9210EE82D004D457A /* CustomController.swift */ = {isa = PBXFileReference; lastKnownFileType = sourcecode.swift; path = CustomController.swift; sourceTree = "<group>"; };
		128A5FDF210F14E8004D457A /* SearchViewController.swift */ = {isa = PBXFileReference; lastKnownFileType = sourcecode.swift; path = SearchViewController.swift; sourceTree = "<group>"; };
		128A5FE2210F1516004D457A /* PlayViewController.swift */ = {isa = PBXFileReference; lastKnownFileType = sourcecode.swift; path = PlayViewController.swift; sourceTree = "<group>"; };
		128A5FE5210F1FC0004D457A /* MoreViewController.swift */ = {isa = PBXFileReference; lastKnownFileType = sourcecode.swift; path = MoreViewController.swift; sourceTree = "<group>"; };
		129174A02112DBB6002672DC /* User.swift */ = {isa = PBXFileReference; lastKnownFileType = sourcecode.swift; path = User.swift; sourceTree = "<group>"; };
		129174A22113146C002672DC /* CallBackHanderClass.swift */ = {isa = PBXFileReference; lastKnownFileType = sourcecode.swift; path = CallBackHanderClass.swift; sourceTree = "<group>"; };
		129174A721131650002672DC /* UserDAO.swift */ = {isa = PBXFileReference; lastKnownFileType = sourcecode.swift; path = UserDAO.swift; sourceTree = "<group>"; };
		129174A9211316E9002672DC /* DataManager.swift */ = {isa = PBXFileReference; lastKnownFileType = sourcecode.swift; path = DataManager.swift; sourceTree = "<group>"; };
		1291978B2133DA8200B72CAD /* QuestionTableViewCell.swift */ = {isa = PBXFileReference; lastKnownFileType = sourcecode.swift; path = QuestionTableViewCell.swift; sourceTree = "<group>"; };
		1291978C2133DA8200B72CAD /* QuestionTableViewCell.xib */ = {isa = PBXFileReference; lastKnownFileType = file.xib; path = QuestionTableViewCell.xib; sourceTree = "<group>"; };
		12A55B7221396511005B31F3 /* StudiesWeekly.entitlements */ = {isa = PBXFileReference; lastKnownFileType = text.plist.entitlements; path = StudiesWeekly.entitlements; sourceTree = "<group>"; };
		12A903A62136C0A9006C8C02 /* BonusPointCell.swift */ = {isa = PBXFileReference; lastKnownFileType = sourcecode.swift; path = BonusPointCell.swift; sourceTree = "<group>"; };
		12A903A72136C0A9006C8C02 /* BonusPointCell.xib */ = {isa = PBXFileReference; lastKnownFileType = file.xib; path = BonusPointCell.xib; sourceTree = "<group>"; };
		12A903AC2136C932006C8C02 /* BonusViewController.swift */ = {isa = PBXFileReference; lastKnownFileType = sourcecode.swift; path = BonusViewController.swift; sourceTree = "<group>"; };
		12A9A5E2213528310014CBA1 /* HeaderView.xib */ = {isa = PBXFileReference; lastKnownFileType = file.xib; path = HeaderView.xib; sourceTree = "<group>"; };
		12A9A5E42135292E0014CBA1 /* HeaderView.swift */ = {isa = PBXFileReference; lastKnownFileType = sourcecode.swift; path = HeaderView.swift; sourceTree = "<group>"; };
		12A9D18E2137C77300A5424A /* BonusDetailsVC.swift */ = {isa = PBXFileReference; lastKnownFileType = sourcecode.swift; path = BonusDetailsVC.swift; sourceTree = "<group>"; };
		12AAFF2E212EB8F40022E050 /* WeeklyDetailVC.swift */ = {isa = PBXFileReference; lastKnownFileType = sourcecode.swift; path = WeeklyDetailVC.swift; sourceTree = "<group>"; };
		12AC1A5521085A02002E74AA /* NetworkParameter.swift */ = {isa = PBXFileReference; lastKnownFileType = sourcecode.swift; path = NetworkParameter.swift; sourceTree = "<group>"; };
		12AC1C3121088114002E74AA /* NetworkResponses.swift */ = {isa = PBXFileReference; fileEncoding = 4; lastKnownFileType = sourcecode.swift; path = NetworkResponses.swift; sourceTree = "<group>"; };
		12AC1C3321088C65002E74AA /* NetworkAPI.swift */ = {isa = PBXFileReference; fileEncoding = 4; lastKnownFileType = sourcecode.swift; path = NetworkAPI.swift; sourceTree = "<group>"; };
		12AC1C372108A639002E74AA /* Fuzi.framework */ = {isa = PBXFileReference; explicitFileType = wrapper.framework; path = Fuzi.framework; sourceTree = BUILT_PRODUCTS_DIR; };
		12AE4807210F3DB80079F3DC /* HomeFileViewController.swift */ = {isa = PBXFileReference; lastKnownFileType = sourcecode.swift; path = HomeFileViewController.swift; sourceTree = "<group>"; };
		12AF124021537AA100ECB2B8 /* TextToSpeechClass.swift */ = {isa = PBXFileReference; lastKnownFileType = sourcecode.swift; path = TextToSpeechClass.swift; sourceTree = "<group>"; };
		12B1CED021254BF400958F50 /* ScreenViewController.swift */ = {isa = PBXFileReference; lastKnownFileType = sourcecode.swift; path = ScreenViewController.swift; sourceTree = "<group>"; };
		12B1CED2212551B700958F50 /* ScreenCell.swift */ = {isa = PBXFileReference; lastKnownFileType = sourcecode.swift; path = ScreenCell.swift; sourceTree = "<group>"; };
		12B1CED3212551B700958F50 /* ScreenCell.xib */ = {isa = PBXFileReference; lastKnownFileType = file.xib; path = ScreenCell.xib; sourceTree = "<group>"; };
		12B1CED62125912000958F50 /* SearchCell.swift */ = {isa = PBXFileReference; lastKnownFileType = sourcecode.swift; path = SearchCell.swift; sourceTree = "<group>"; };
		12B1CED72125912000958F50 /* SearchCell.xib */ = {isa = PBXFileReference; lastKnownFileType = file.xib; path = SearchCell.xib; sourceTree = "<group>"; };
		12B206C220FF11D4008B6B8C /* Foundation.framework */ = {isa = PBXFileReference; lastKnownFileType = wrapper.framework; name = Foundation.framework; path = System/Library/Frameworks/Foundation.framework; sourceTree = SDKROOT; };
		12B26A482180819200F3AD50 /* AudioPlayClass.swift */ = {isa = PBXFileReference; lastKnownFileType = sourcecode.swift; path = AudioPlayClass.swift; sourceTree = "<group>"; };
		12B5161221673B5E0038714A /* StorageSizeClass.swift */ = {isa = PBXFileReference; lastKnownFileType = sourcecode.swift; path = StorageSizeClass.swift; sourceTree = "<group>"; };
		12B767FD211AC580008724A1 /* CoreDBManager.swift */ = {isa = PBXFileReference; lastKnownFileType = sourcecode.swift; path = CoreDBManager.swift; sourceTree = "<group>"; };
		12B76800211B0B84008724A1 /* SettingsViewController.swift */ = {isa = PBXFileReference; lastKnownFileType = sourcecode.swift; path = SettingsViewController.swift; sourceTree = "<group>"; };
		12BFE9E720F71DBF0082D03B /* StudiesWeekly.app */ = {isa = PBXFileReference; explicitFileType = wrapper.application; includeInIndex = 0; path = StudiesWeekly.app; sourceTree = BUILT_PRODUCTS_DIR; };
		12BFE9EA20F71DBF0082D03B /* AppDelegate.swift */ = {isa = PBXFileReference; lastKnownFileType = sourcecode.swift; path = AppDelegate.swift; sourceTree = "<group>"; };
		12BFE9EC20F71DBF0082D03B /* ViewController.swift */ = {isa = PBXFileReference; lastKnownFileType = sourcecode.swift; path = ViewController.swift; sourceTree = "<group>"; };
		12BFE9EF20F71DBF0082D03B /* Base */ = {isa = PBXFileReference; lastKnownFileType = file.storyboard; name = Base; path = Base.lproj/Main.storyboard; sourceTree = "<group>"; };
		12BFE9F220F71DBF0082D03B /* StudyWeaklyApp.xcdatamodel */ = {isa = PBXFileReference; lastKnownFileType = wrapper.xcdatamodel; path = StudyWeaklyApp.xcdatamodel; sourceTree = "<group>"; };
		12BFE9F420F71DBF0082D03B /* Assets.xcassets */ = {isa = PBXFileReference; lastKnownFileType = folder.assetcatalog; path = Assets.xcassets; sourceTree = "<group>"; };
		12BFE9F720F71DBF0082D03B /* Base */ = {isa = PBXFileReference; lastKnownFileType = file.storyboard; name = Base; path = Base.lproj/LaunchScreen.storyboard; sourceTree = "<group>"; };
		12BFE9F920F71DBF0082D03B /* Info.plist */ = {isa = PBXFileReference; lastKnownFileType = text.plist.xml; path = Info.plist; sourceTree = "<group>"; };
		12BFEA0020F7338F0082D03B /* CustomTextField.swift */ = {isa = PBXFileReference; lastKnownFileType = sourcecode.swift; path = CustomTextField.swift; sourceTree = "<group>"; };
		12BFEA0420F7562F0082D03B /* CustomBGBorderBtn.swift */ = {isa = PBXFileReference; lastKnownFileType = sourcecode.swift; path = CustomBGBorderBtn.swift; sourceTree = "<group>"; };
		12BFEA0620F782F30082D03B /* ConstantClass.swift */ = {isa = PBXFileReference; lastKnownFileType = sourcecode.swift; path = ConstantClass.swift; sourceTree = "<group>"; };
		12CB2CE120F86FA40055E736 /* ForgotPasswordVC.swift */ = {isa = PBXFileReference; lastKnownFileType = sourcecode.swift; path = ForgotPasswordVC.swift; sourceTree = "<group>"; };
		12CBF7502177309000936F80 /* SearchClassModel.swift */ = {isa = PBXFileReference; lastKnownFileType = sourcecode.swift; path = SearchClassModel.swift; sourceTree = "<group>"; };
		12D0BCD9212C30EB00858BC8 /* CommonDownloadClass.swift */ = {isa = PBXFileReference; lastKnownFileType = sourcecode.swift; path = CommonDownloadClass.swift; sourceTree = "<group>"; };
		12DC86C92158F88800A46139 /* StorageClass.swift */ = {isa = PBXFileReference; lastKnownFileType = sourcecode.swift; path = StorageClass.swift; sourceTree = "<group>"; };
		12E79C8221789DE000529723 /* DemoTestViewController.swift */ = {isa = PBXFileReference; lastKnownFileType = sourcecode.swift; path = DemoTestViewController.swift; sourceTree = "<group>"; };
		12ED82812101AF5600BDAB25 /* String+md5.swift */ = {isa = PBXFileReference; fileEncoding = 4; lastKnownFileType = sourcecode.swift; path = "String+md5.swift"; sourceTree = "<group>"; };
		12ED82832101B50700BDAB25 /* XCTest.framework */ = {isa = PBXFileReference; lastKnownFileType = wrapper.framework; name = XCTest.framework; path = Platforms/iPhoneOS.platform/Developer/Library/Frameworks/XCTest.framework; sourceTree = DEVELOPER_DIR; };
		12ED82852101B70800BDAB25 /* libapple_crypto.tbd */ = {isa = PBXFileReference; lastKnownFileType = "sourcecode.text-based-dylib-definition"; name = libapple_crypto.tbd; path = usr/lib/libapple_crypto.tbd; sourceTree = SDKROOT; };
		12F070E3211030F20071FA05 /* CustomCircularClass.swift */ = {isa = PBXFileReference; lastKnownFileType = sourcecode.swift; path = CustomCircularClass.swift; sourceTree = "<group>"; };
		12F070E5211041A90071FA05 /* DBManager.swift */ = {isa = PBXFileReference; fileEncoding = 4; lastKnownFileType = sourcecode.swift; path = DBManager.swift; sourceTree = "<group>"; };
		12F070E7211041B20071FA05 /* MyItem.swift */ = {isa = PBXFileReference; fileEncoding = 4; lastKnownFileType = sourcecode.swift; path = MyItem.swift; sourceTree = "<group>"; };
		12F85CD6215B7A4000A48C5F /* AlertQuestionAnswerView.xib */ = {isa = PBXFileReference; fileEncoding = 4; lastKnownFileType = file.xib; path = AlertQuestionAnswerView.xib; sourceTree = "<group>"; };
		12F85CD8215B7A9100A48C5F /* WrongAnswer.swift */ = {isa = PBXFileReference; lastKnownFileType = sourcecode.swift; path = WrongAnswer.swift; sourceTree = "<group>"; };
		12F85CDA215B7AAD00A48C5F /* WrongAnswer.xib */ = {isa = PBXFileReference; lastKnownFileType = file.xib; path = WrongAnswer.xib; sourceTree = "<group>"; };
		12FA2DF6216F167E00528838 /* ScoreViewController.swift */ = {isa = PBXFileReference; lastKnownFileType = sourcecode.swift; path = ScoreViewController.swift; sourceTree = "<group>"; };
		12FA2DFC216F1D8500528838 /* Sore_labeling_Cell.swift */ = {isa = PBXFileReference; lastKnownFileType = sourcecode.swift; path = Sore_labeling_Cell.swift; sourceTree = "<group>"; };
		12FA2DFD216F1D8500528838 /* Sore_labeling_Cell.xib */ = {isa = PBXFileReference; lastKnownFileType = file.xib; path = Sore_labeling_Cell.xib; sourceTree = "<group>"; };
		15DAFCF0AC3186751E12484F /* Pods_StudiesWeekly.framework */ = {isa = PBXFileReference; explicitFileType = wrapper.framework; includeInIndex = 0; path = Pods_StudiesWeekly.framework; sourceTree = BUILT_PRODUCTS_DIR; };
		1951B209011C26AB0016FBBB /* Pods-StudyWeaklyApp.debug.xcconfig */ = {isa = PBXFileReference; includeInIndex = 1; lastKnownFileType = text.xcconfig; name = "Pods-StudyWeaklyApp.debug.xcconfig"; path = "Pods/Target Support Files/Pods-StudyWeaklyApp/Pods-StudyWeaklyApp.debug.xcconfig"; sourceTree = "<group>"; };
		77B036211F49FB496792EB5C /* Pods_StudyWeaklyApp.framework */ = {isa = PBXFileReference; explicitFileType = wrapper.framework; includeInIndex = 0; path = Pods_StudyWeaklyApp.framework; sourceTree = BUILT_PRODUCTS_DIR; };
		94EFEE0FCCC1EBE58FC96467 /* Pods-StudiesWeekly.debug.xcconfig */ = {isa = PBXFileReference; includeInIndex = 1; lastKnownFileType = text.xcconfig; name = "Pods-StudiesWeekly.debug.xcconfig"; path = "Pods/Target Support Files/Pods-StudiesWeekly/Pods-StudiesWeekly.debug.xcconfig"; sourceTree = "<group>"; };
		C2C481B8E180AB6946BCB669 /* Pods-StudyWeaklyApp.release.xcconfig */ = {isa = PBXFileReference; includeInIndex = 1; lastKnownFileType = text.xcconfig; name = "Pods-StudyWeaklyApp.release.xcconfig"; path = "Pods/Target Support Files/Pods-StudyWeaklyApp/Pods-StudyWeaklyApp.release.xcconfig"; sourceTree = "<group>"; };
		F5B8627DBC44D113DFD5DC36 /* Pods-StudiesWeekly.release.xcconfig */ = {isa = PBXFileReference; includeInIndex = 1; lastKnownFileType = text.xcconfig; name = "Pods-StudiesWeekly.release.xcconfig"; path = "Pods/Target Support Files/Pods-StudiesWeekly/Pods-StudiesWeekly.release.xcconfig"; sourceTree = "<group>"; };
/* End PBXFileReference section */

/* Begin PBXFrameworksBuildPhase section */
		12BFE9E420F71DBF0082D03B /* Frameworks */ = {
			isa = PBXFrameworksBuildPhase;
			buildActionMask = 2147483647;
			files = (
				121AC168216E13790012E64E /* AVKit.framework in Frameworks */,
				121AC169216E13790012E64E /* AVFoundation.framework in Frameworks */,
				1227CD562118080B00EB5FB5 /* SystemConfiguration.framework in Frameworks */,
				1227CD54211807EE00EB5FB5 /* CFNetwork.framework in Frameworks */,
				120D6ADA21148BE100904FBE /* libc++abi.tbd in Frameworks */,
				125013222109AA8A009A7234 /* Security.framework in Frameworks */,
				125013202109AA66009A7234 /* libcompression.tbd in Frameworks */,
				12AC1C352108A5E7002E74AA /* libapple_crypto.tbd in Frameworks */,
				12B206C320FF11D4008B6B8C /* Foundation.framework in Frameworks */,
				516C18CD146D8FAC06843C05 /* Pods_StudiesWeekly.framework in Frameworks */,
			);
			runOnlyForDeploymentPostprocessing = 0;
		};
/* End PBXFrameworksBuildPhase section */

/* Begin PBXGroup section */
		124A24B4212D32D700471FF1 /* WeeklyListViewController */ = {
			isa = PBXGroup;
			children = (
				124A24B5212D333200471FF1 /* WeeklyListViewController.swift */,
				124A24B7212D366300471FF1 /* WeeklyTableViewCell.swift */,
				124A24B8212D366300471FF1 /* WeeklyTableViewCell.xib */,
				124A24BB212D449E00471FF1 /* WeeklyUnitListVC.swift */,
				124A24BE212D485300471FF1 /* WeeklyUnitListCell.xib */,
				12E79C8221789DE000529723 /* DemoTestViewController.swift */,
				1291978B2133DA8200B72CAD /* QuestionTableViewCell.swift */,
				1291978C2133DA8200B72CAD /* QuestionTableViewCell.xib */,
				12A9A5E42135292E0014CBA1 /* HeaderView.swift */,
				12A9A5E2213528310014CBA1 /* HeaderView.xib */,
				12AAFF2E212EB8F40022E050 /* WeeklyDetailVC.swift */,
				12A903AC2136C932006C8C02 /* BonusViewController.swift */,
				124A24BD212D485300471FF1 /* WeeklyUnitListCell.swift */,
				12A903A62136C0A9006C8C02 /* BonusPointCell.swift */,
				12A903A72136C0A9006C8C02 /* BonusPointCell.xib */,
				12A9D18E2137C77300A5424A /* BonusDetailsVC.swift */,
				12562C98216C89C400EEB796 /* TestViewController.swift */,
				12562C9E216CC2C400EEB796 /* Q_mc_Cell.swift */,
				12562C9F216CC2C400EEB796 /* Q_mc_Cell.xib */,
				12562C9A216CA3A800EEB796 /* TestLblingCell.swift */,
				12562C9B216CA3A800EEB796 /* TestLblingCell.xib */,
				125C181821887D4E0096DE86 /* Q_match_Cell.swift */,
				125C181921887D4E0096DE86 /* Q_match_Cell.xib */,
				125C181C21887DAB0096DE86 /* Q_check_all_Cell.swift */,
				125C181D21887DAB0096DE86 /* Q_check_all_Cell.xib */,
				125C182021887DF00096DE86 /* Q_open_Cell.swift */,
				125C182121887DF00096DE86 /* Q_open_Cell.xib */,
				125C182421887E820096DE86 /* Q_sorting_Cell.swift */,
				125C182521887E820096DE86 /* Q_sorting_Cell.xib */,
				125C182821887EE10096DE86 /* Q_true_false_Cell.swift */,
				125C182921887EE20096DE86 /* Q_true_false_Cell.xib */,
				125C182C21887F5C0096DE86 /* Q_rfib_Cell.swift */,
				125C182D21887F5C0096DE86 /* Q_rfib_Cell.xib */,
				12FA2DF6216F167E00528838 /* ScoreViewController.swift */,
				12FA2DFC216F1D8500528838 /* Sore_labeling_Cell.swift */,
				12FA2DFD216F1D8500528838 /* Sore_labeling_Cell.xib */,
			);
			path = WeeklyListViewController;
			sourceTree = "<group>";
		};
		128A5FDB210F0D12004D457A /* HomeViewController */ = {
			isa = PBXGroup;
			children = (
				12AE4807210F3DB80079F3DC /* HomeFileViewController.swift */,
				1227CD5B2118556F00EB5FB5 /* CollectionViewCell.swift */,
			);
			path = HomeViewController;
			sourceTree = "<group>";
		};
		128A5FDE210F14C2004D457A /* SearchViewController */ = {
			isa = PBXGroup;
			children = (
				128A5FDF210F14E8004D457A /* SearchViewController.swift */,
				12B1CED62125912000958F50 /* SearchCell.swift */,
				12B1CED72125912000958F50 /* SearchCell.xib */,
				1242A55E217EFEB2008FA99C /* SearchMediaViewController.swift */,
			);
			path = SearchViewController;
			sourceTree = "<group>";
		};
		128A5FE1210F14F4004D457A /* PlayViewController */ = {
			isa = PBXGroup;
			children = (
				128A5FE2210F1516004D457A /* PlayViewController.swift */,
			);
			path = PlayViewController;
			sourceTree = "<group>";
		};
		128A5FE4210F1F9A004D457A /* MoreViewController */ = {
			isa = PBXGroup;
			children = (
				128A5FE5210F1FC0004D457A /* MoreViewController.swift */,
				12B76800211B0B84008724A1 /* SettingsViewController.swift */,
				1239E3B0216B383F00848B05 /* ContentOptionViewController.swift */,
				1239E3B2216B3D3100848B05 /* ContentOptionCell.swift */,
				1239E3B3216B3D3100848B05 /* ContentOptionCell.xib */,
			);
			path = MoreViewController;
			sourceTree = "<group>";
		};
		1291749F2112DB0B002672DC /* RetroluxClass */ = {
			isa = PBXGroup;
			children = (
				129174A02112DBB6002672DC /* User.swift */,
				129174A22113146C002672DC /* CallBackHanderClass.swift */,
			);
			path = RetroluxClass;
			sourceTree = "<group>";
		};
		129174A42113156A002672DC /* DAO */ = {
			isa = PBXGroup;
			children = (
				129174A721131650002672DC /* UserDAO.swift */,
			);
			path = DAO;
			sourceTree = "<group>";
		};
		12AC1A4321084486002E74AA /* Online */ = {
			isa = PBXGroup;
			children = (
				1227CD57211821AA00EB5FB5 /* CommonWebserviceClass.swift */,
				12AC1C3321088C65002E74AA /* NetworkAPI.swift */,
				12AC1C3121088114002E74AA /* NetworkResponses.swift */,
				12AC1A5521085A02002E74AA /* NetworkParameter.swift */,
			);
			path = Online;
			sourceTree = "<group>";
		};
		12B1CECF21254BAC00958F50 /* ScreenViewCotroller */ = {
			isa = PBXGroup;
			children = (
				12B1CED021254BF400958F50 /* ScreenViewController.swift */,
				12B1CED2212551B700958F50 /* ScreenCell.swift */,
				12B1CED3212551B700958F50 /* ScreenCell.xib */,
			);
			path = ScreenViewCotroller;
			sourceTree = "<group>";
		};
		12B5161121673B0A0038714A /* StorageSizeClass */ = {
			isa = PBXGroup;
			children = (
				12B5161221673B5E0038714A /* StorageSizeClass.swift */,
			);
			path = StorageSizeClass;
			sourceTree = "<group>";
		};
		12B767FC211AC51A008724A1 /* New Group */ = {
			isa = PBXGroup;
			children = (
				12F070E5211041A90071FA05 /* DBManager.swift */,
				12B767FD211AC580008724A1 /* CoreDBManager.swift */,
			);
			path = "New Group";
			sourceTree = "<group>";
		};
		12BFE9DE20F71DBE0082D03B = {
			isa = PBXGroup;
			children = (
				12A55B7221396511005B31F3 /* StudiesWeekly.entitlements */,
				1265B93720FDC947000D1029 /*  Bridging Header.h */,
				12ED82812101AF5600BDAB25 /* String+md5.swift */,
				12BFE9E920F71DBF0082D03B /* StudyWeaklyApp */,
				12BFE9E820F71DBF0082D03B /* Products */,
				CCA72EBB9BD3B46DD23C9779 /* Pods */,
				D59E751DC49BA62705F63B95 /* Frameworks */,
			);
			sourceTree = "<group>";
		};
		12BFE9E820F71DBF0082D03B /* Products */ = {
			isa = PBXGroup;
			children = (
				12BFE9E720F71DBF0082D03B /* StudiesWeekly.app */,
			);
			name = Products;
			sourceTree = "<group>";
		};
		12BFE9E920F71DBF0082D03B /* StudyWeaklyApp */ = {
			isa = PBXGroup;
			children = (
				12CB2CE020F86F390055E736 /* AllController */,
				12BFEA0820F786CB0082D03B /* ModelClasses */,
				12BFEA0320F755E50082D03B /* CustomButton */,
				12BFEA0220F7379E0082D03B /* CustomLabel */,
				12BFE9FF20F733530082D03B /* CustomTextField */,
				12BFE9EA20F71DBF0082D03B /* AppDelegate.swift */,
				12BFE9EC20F71DBF0082D03B /* ViewController.swift */,
				12BFE9EE20F71DBF0082D03B /* Main.storyboard */,
				12BFE9F420F71DBF0082D03B /* Assets.xcassets */,
				12BFE9F620F71DBF0082D03B /* LaunchScreen.storyboard */,
				12BFE9F920F71DBF0082D03B /* Info.plist */,
				12BFE9F120F71DBF0082D03B /* StudyWeaklyApp.xcdatamodeld */,
			);
			path = StudyWeaklyApp;
			sourceTree = "<group>";
		};
		12BFE9FF20F733530082D03B /* CustomTextField */ = {
			isa = PBXGroup;
			children = (
				12BFEA0020F7338F0082D03B /* CustomTextField.swift */,
			);
			path = CustomTextField;
			sourceTree = "<group>";
		};
		12BFEA0220F7379E0082D03B /* CustomLabel */ = {
			isa = PBXGroup;
			children = (
			);
			path = CustomLabel;
			sourceTree = "<group>";
		};
		12BFEA0320F755E50082D03B /* CustomButton */ = {
			isa = PBXGroup;
			children = (
				12BFEA0420F7562F0082D03B /* CustomBGBorderBtn.swift */,
			);
			path = CustomButton;
			sourceTree = "<group>";
		};
		12BFEA0820F786CB0082D03B /* ModelClasses */ = {
			isa = PBXGroup;
			children = (
				12B5161121673B0A0038714A /* StorageSizeClass */,
				129174A42113156A002672DC /* DAO */,
				1291749F2112DB0B002672DC /* RetroluxClass */,
				12AC1A4321084486002E74AA /* Online */,
				12BFEA0620F782F30082D03B /* ConstantClass.swift */,
				128A5FD7210ECBB2004D457A /* NetworkCheck.swift */,
				128A5FD9210EE82D004D457A /* CustomController.swift */,
				12F070E3211030F20071FA05 /* CustomCircularClass.swift */,
				12B767FC211AC51A008724A1 /* New Group */,
				12F070E7211041B20071FA05 /* MyItem.swift */,
				129174A9211316E9002672DC /* DataManager.swift */,
				1227CD59211828AA00EB5FB5 /* WebserviceNames.swift */,
				12D0BCD9212C30EB00858BC8 /* CommonDownloadClass.swift */,
				12B26A482180819200F3AD50 /* AudioPlayClass.swift */,
				12AF124021537AA100ECB2B8 /* TextToSpeechClass.swift */,
				120291312154ED52000A611F /* AlertQuestionAnswerView.swift */,
				12F85CD6215B7A4000A48C5F /* AlertQuestionAnswerView.xib */,
				12DC86C92158F88800A46139 /* StorageClass.swift */,
				127A569D215A5871003F3799 /* MediaClass.swift */,
				12F85CD8215B7A9100A48C5F /* WrongAnswer.swift */,
				12F85CDA215B7AAD00A48C5F /* WrongAnswer.xib */,
				1264B4882165D8710037E96E /* PinClass.swift */,
				1264B48A2165D8A70037E96E /* PinClass.xib */,
				12CBF7502177309000936F80 /* SearchClassModel.swift */,
			);
			path = ModelClasses;
			sourceTree = "<group>";
		};
		12CB2CE020F86F390055E736 /* AllController */ = {
			isa = PBXGroup;
			children = (
				124A24B4212D32D700471FF1 /* WeeklyListViewController */,
				12B1CECF21254BAC00958F50 /* ScreenViewCotroller */,
				128A5FE4210F1F9A004D457A /* MoreViewController */,
				128A5FE1210F14F4004D457A /* PlayViewController */,
				128A5FDE210F14C2004D457A /* SearchViewController */,
				128A5FDB210F0D12004D457A /* HomeViewController */,
				12CB2CE120F86FA40055E736 /* ForgotPasswordVC.swift */,
			);
			path = AllController;
			sourceTree = "<group>";
		};
		CCA72EBB9BD3B46DD23C9779 /* Pods */ = {
			isa = PBXGroup;
			children = (
				1951B209011C26AB0016FBBB /* Pods-StudyWeaklyApp.debug.xcconfig */,
				C2C481B8E180AB6946BCB669 /* Pods-StudyWeaklyApp.release.xcconfig */,
				94EFEE0FCCC1EBE58FC96467 /* Pods-StudiesWeekly.debug.xcconfig */,
				F5B8627DBC44D113DFD5DC36 /* Pods-StudiesWeekly.release.xcconfig */,
			);
			name = Pods;
			sourceTree = "<group>";
		};
		D59E751DC49BA62705F63B95 /* Frameworks */ = {
			isa = PBXGroup;
			children = (
				121AC167216E13770012E64E /* AVFoundation.framework */,
				121AC166216E13770012E64E /* AVKit.framework */,
				1227CD552118080A00EB5FB5 /* SystemConfiguration.framework */,
				1227CD53211807EE00EB5FB5 /* CFNetwork.framework */,
				120D6AD921148BE100904FBE /* libc++abi.tbd */,
				125013212109AA8A009A7234 /* Security.framework */,
				1250131F2109AA65009A7234 /* libcompression.tbd */,
				12AC1C372108A639002E74AA /* Fuzi.framework */,
				12ED82852101B70800BDAB25 /* libapple_crypto.tbd */,
				12ED82832101B50700BDAB25 /* XCTest.framework */,
				12B206C220FF11D4008B6B8C /* Foundation.framework */,
				77B036211F49FB496792EB5C /* Pods_StudyWeaklyApp.framework */,
				15DAFCF0AC3186751E12484F /* Pods_StudiesWeekly.framework */,
			);
			name = Frameworks;
			sourceTree = "<group>";
		};
/* End PBXGroup section */

/* Begin PBXNativeTarget section */
		12BFE9E620F71DBF0082D03B /* StudiesWeekly */ = {
			isa = PBXNativeTarget;
			buildConfigurationList = 12BFE9FC20F71DBF0082D03B /* Build configuration list for PBXNativeTarget "StudiesWeekly" */;
			buildPhases = (
				E116FF9AC8AB8627E672E689 /* [CP] Check Pods Manifest.lock */,
				12BFE9E320F71DBF0082D03B /* Sources */,
				12BFE9E420F71DBF0082D03B /* Frameworks */,
				12BFE9E520F71DBF0082D03B /* Resources */,
				F8FEA7337F3BE212BC9D9A72 /* [CP] Embed Pods Frameworks */,
				12AC1A5121085098002E74AA /* Embed Frameworks */,
			);
			buildRules = (
			);
			dependencies = (
			);
			name = StudiesWeekly;
			productName = StudyWeaklyApp;
			productReference = 12BFE9E720F71DBF0082D03B /* StudiesWeekly.app */;
			productType = "com.apple.product-type.application";
		};
/* End PBXNativeTarget section */

/* Begin PBXProject section */
		12BFE9DF20F71DBE0082D03B /* Project object */ = {
			isa = PBXProject;
			attributes = {
				LastSwiftUpdateCheck = 0920;
				LastUpgradeCheck = 0920;
				ORGANIZATIONNAME = TekShapers;
				TargetAttributes = {
					12BFE9E620F71DBF0082D03B = {
						CreatedOnToolsVersion = 9.2;
						ProvisioningStyle = Automatic;
						SystemCapabilities = {
							com.apple.BackgroundModes = {
								enabled = 1;
							};
							com.apple.DataProtection = {
								enabled = 0;
							};
							com.apple.HotspotConfiguration = {
								enabled = 0;
							};
							com.apple.Keychain = {
								enabled = 0;
							};
						};
					};
				};
			};
			buildConfigurationList = 12BFE9E220F71DBE0082D03B /* Build configuration list for PBXProject "StudiesWeekly" */;
			compatibilityVersion = "Xcode 8.0";
			developmentRegion = en;
			hasScannedForEncodings = 0;
			knownRegions = (
				en,
				Base,
			);
			mainGroup = 12BFE9DE20F71DBE0082D03B;
			productRefGroup = 12BFE9E820F71DBF0082D03B /* Products */;
			projectDirPath = "";
			projectRoot = "";
			targets = (
				12BFE9E620F71DBF0082D03B /* StudiesWeekly */,
			);
		};
/* End PBXProject section */

/* Begin PBXResourcesBuildPhase section */
		12BFE9E520F71DBF0082D03B /* Resources */ = {
			isa = PBXResourcesBuildPhase;
			buildActionMask = 2147483647;
			files = (
				12562C9D216CA3A800EEB796 /* TestLblingCell.xib in Resources */,
				125C182F21887F5C0096DE86 /* Q_rfib_Cell.xib in Resources */,
				125C181F21887DAB0096DE86 /* Q_check_all_Cell.xib in Resources */,
				12B1CED92125912000958F50 /* SearchCell.xib in Resources */,
				12BFE9F820F71DBF0082D03B /* LaunchScreen.storyboard in Resources */,
				12BFE9F520F71DBF0082D03B /* Assets.xcassets in Resources */,
				125C182B21887EE20096DE86 /* Q_true_false_Cell.xib in Resources */,
				12F85CD7215B7A4100A48C5F /* AlertQuestionAnswerView.xib in Resources */,
				12BFE9F020F71DBF0082D03B /* Main.storyboard in Resources */,
				12A903A92136C0A9006C8C02 /* BonusPointCell.xib in Resources */,
				1239E3B5216B3D3100848B05 /* ContentOptionCell.xib in Resources */,
				125C182721887E820096DE86 /* Q_sorting_Cell.xib in Resources */,
				125C182321887DF00096DE86 /* Q_open_Cell.xib in Resources */,
				124A24C0212D485300471FF1 /* WeeklyUnitListCell.xib in Resources */,
				125C181B21887D4F0096DE86 /* Q_match_Cell.xib in Resources */,
				1264B48B2165D8A70037E96E /* PinClass.xib in Resources */,
				1291978E2133DA8200B72CAD /* QuestionTableViewCell.xib in Resources */,
				12A9A5E3213528310014CBA1 /* HeaderView.xib in Resources */,
				12F85CDB215B7AAD00A48C5F /* WrongAnswer.xib in Resources */,
				12562CA1216CC2C400EEB796 /* Q_mc_Cell.xib in Resources */,
				124A24BA212D366300471FF1 /* WeeklyTableViewCell.xib in Resources */,
				12B1CED5212551B700958F50 /* ScreenCell.xib in Resources */,
				12FA2DFF216F1D8500528838 /* Sore_labeling_Cell.xib in Resources */,
			);
			runOnlyForDeploymentPostprocessing = 0;
		};
/* End PBXResourcesBuildPhase section */

/* Begin PBXShellScriptBuildPhase section */
		E116FF9AC8AB8627E672E689 /* [CP] Check Pods Manifest.lock */ = {
			isa = PBXShellScriptBuildPhase;
			buildActionMask = 2147483647;
			files = (
			);
			inputPaths = (
				"${PODS_PODFILE_DIR_PATH}/Podfile.lock",
				"${PODS_ROOT}/Manifest.lock",
			);
			name = "[CP] Check Pods Manifest.lock";
			outputPaths = (
				"$(DERIVED_FILE_DIR)/Pods-StudiesWeekly-checkManifestLockResult.txt",
			);
			runOnlyForDeploymentPostprocessing = 0;
			shellPath = /bin/sh;
			shellScript = "diff \"${PODS_PODFILE_DIR_PATH}/Podfile.lock\" \"${PODS_ROOT}/Manifest.lock\" > /dev/null\nif [ $? != 0 ] ; then\n    # print error to STDERR\n    echo \"error: The sandbox is not in sync with the Podfile.lock. Run 'pod install' or update your CocoaPods installation.\" >&2\n    exit 1\nfi\n# This output is used by Xcode 'outputs' to avoid re-running this script phase.\necho \"SUCCESS\" > \"${SCRIPT_OUTPUT_FILE_0}\"\n";
			showEnvVarsInLog = 0;
		};
		F8FEA7337F3BE212BC9D9A72 /* [CP] Embed Pods Frameworks */ = {
			isa = PBXShellScriptBuildPhase;
			buildActionMask = 2147483647;
			files = (
			);
			inputPaths = (
				"${SRCROOT}/Pods/Target Support Files/Pods-StudiesWeekly/Pods-StudiesWeekly-frameworks.sh",
				"${BUILT_PRODUCTS_DIR}/DropDown/DropDown.framework",
				"${BUILT_PRODUCTS_DIR}/ObjectMapper/ObjectMapper.framework",
				"${BUILT_PRODUCTS_DIR}/ReachabilitySwift/Reachability.framework",
				"${BUILT_PRODUCTS_DIR}/Realm/Realm.framework",
				"${BUILT_PRODUCTS_DIR}/RealmS/RealmS.framework",
				"${BUILT_PRODUCTS_DIR}/RealmSwift/RealmSwift.framework",
				"${BUILT_PRODUCTS_DIR}/Retrolux/Retrolux.framework",
				"${BUILT_PRODUCTS_DIR}/SDWebImage/SDWebImage.framework",
				"${BUILT_PRODUCTS_DIR}/SlideMenuControllerSwift/SlideMenuControllerSwift.framework",
				"${BUILT_PRODUCTS_DIR}/SwiftHash/SwiftHash.framework",
			);
			name = "[CP] Embed Pods Frameworks";
			outputPaths = (
				"${TARGET_BUILD_DIR}/${FRAMEWORKS_FOLDER_PATH}/DropDown.framework",
				"${TARGET_BUILD_DIR}/${FRAMEWORKS_FOLDER_PATH}/ObjectMapper.framework",
				"${TARGET_BUILD_DIR}/${FRAMEWORKS_FOLDER_PATH}/Reachability.framework",
				"${TARGET_BUILD_DIR}/${FRAMEWORKS_FOLDER_PATH}/Realm.framework",
				"${TARGET_BUILD_DIR}/${FRAMEWORKS_FOLDER_PATH}/RealmS.framework",
				"${TARGET_BUILD_DIR}/${FRAMEWORKS_FOLDER_PATH}/RealmSwift.framework",
				"${TARGET_BUILD_DIR}/${FRAMEWORKS_FOLDER_PATH}/Retrolux.framework",
				"${TARGET_BUILD_DIR}/${FRAMEWORKS_FOLDER_PATH}/SDWebImage.framework",
				"${TARGET_BUILD_DIR}/${FRAMEWORKS_FOLDER_PATH}/SlideMenuControllerSwift.framework",
				"${TARGET_BUILD_DIR}/${FRAMEWORKS_FOLDER_PATH}/SwiftHash.framework",
			);
			runOnlyForDeploymentPostprocessing = 0;
			shellPath = /bin/sh;
			shellScript = "\"${SRCROOT}/Pods/Target Support Files/Pods-StudiesWeekly/Pods-StudiesWeekly-frameworks.sh\"\n";
			showEnvVarsInLog = 0;
		};
/* End PBXShellScriptBuildPhase section */

/* Begin PBXSourcesBuildPhase section */
		12BFE9E320F71DBF0082D03B /* Sources */ = {
			isa = PBXSourcesBuildPhase;
			buildActionMask = 2147483647;
			files = (
				128A5FE0210F14E8004D457A /* SearchViewController.swift in Sources */,
				12B1CED82125912000958F50 /* SearchCell.swift in Sources */,
				12AE4808210F3DB80079F3DC /* HomeFileViewController.swift in Sources */,
				12B26A492180819200F3AD50 /* AudioPlayClass.swift in Sources */,
				12B5161321673B5E0038714A /* StorageSizeClass.swift in Sources */,
				124A24B6212D333200471FF1 /* WeeklyListViewController.swift in Sources */,
				12B1CED121254BF400958F50 /* ScreenViewController.swift in Sources */,
				12F070E4211030F20071FA05 /* CustomCircularClass.swift in Sources */,
				125C182621887E820096DE86 /* Q_sorting_Cell.swift in Sources */,
				125C182A21887EE20096DE86 /* Q_true_false_Cell.swift in Sources */,
				12FA2DF7216F167E00528838 /* ScoreViewController.swift in Sources */,
				125C181A21887D4F0096DE86 /* Q_match_Cell.swift in Sources */,
				12BFEA0520F7562F0082D03B /* CustomBGBorderBtn.swift in Sources */,
				12CB2CE220F86FA40055E736 /* ForgotPasswordVC.swift in Sources */,
				12BFEA0120F7338F0082D03B /* CustomTextField.swift in Sources */,
				1227CD5A211828AA00EB5FB5 /* WebserviceNames.swift in Sources */,
				12AC1A5621085A02002E74AA /* NetworkParameter.swift in Sources */,
				12ED82822101AF5600BDAB25 /* String+md5.swift in Sources */,
				12A903A82136C0A9006C8C02 /* BonusPointCell.swift in Sources */,
				12A9D18F2137C77300A5424A /* BonusDetailsVC.swift in Sources */,
				12D0BCDA212C30EB00858BC8 /* CommonDownloadClass.swift in Sources */,
				1227CD5C2118556F00EB5FB5 /* CollectionViewCell.swift in Sources */,
				12CBF7512177309000936F80 /* SearchClassModel.swift in Sources */,
				12562C9C216CA3A800EEB796 /* TestLblingCell.swift in Sources */,
				129174A32113146C002672DC /* CallBackHanderClass.swift in Sources */,
				12A9A5E52135292E0014CBA1 /* HeaderView.swift in Sources */,
				124A24B9212D366300471FF1 /* WeeklyTableViewCell.swift in Sources */,
				128A5FE6210F1FC0004D457A /* MoreViewController.swift in Sources */,
				12DC86CA2158F88800A46139 /* StorageClass.swift in Sources */,
				129174A12112DBB6002672DC /* User.swift in Sources */,
				127A569E215A5871003F3799 /* MediaClass.swift in Sources */,
				128A5FD8210ECBB2004D457A /* NetworkCheck.swift in Sources */,
				128A5FE3210F1516004D457A /* PlayViewController.swift in Sources */,
				125C181E21887DAB0096DE86 /* Q_check_all_Cell.swift in Sources */,
				12AAFF2F212EB8F40022E050 /* WeeklyDetailVC.swift in Sources */,
				12AC1C3221088114002E74AA /* NetworkResponses.swift in Sources */,
				12F070E8211041B20071FA05 /* MyItem.swift in Sources */,
				1264B4892165D8710037E96E /* PinClass.swift in Sources */,
				120291322154ED52000A611F /* AlertQuestionAnswerView.swift in Sources */,
				12562CA0216CC2C400EEB796 /* Q_mc_Cell.swift in Sources */,
				12B1CED4212551B700958F50 /* ScreenCell.swift in Sources */,
				12AC1C3421088C65002E74AA /* NetworkAPI.swift in Sources */,
				128A5FDA210EE82D004D457A /* CustomController.swift in Sources */,
				1227CD58211821AB00EB5FB5 /* CommonWebserviceClass.swift in Sources */,
				1291978D2133DA8200B72CAD /* QuestionTableViewCell.swift in Sources */,
				12BFEA0720F782F30082D03B /* ConstantClass.swift in Sources */,
				12E79C8321789DE000529723 /* DemoTestViewController.swift in Sources */,
				125C182221887DF00096DE86 /* Q_open_Cell.swift in Sources */,
				12AF124121537AA100ECB2B8 /* TextToSpeechClass.swift in Sources */,
				125C182E21887F5C0096DE86 /* Q_rfib_Cell.swift in Sources */,
				129174A821131650002672DC /* UserDAO.swift in Sources */,
				12BFE9F320F71DBF0082D03B /* StudyWeaklyApp.xcdatamodeld in Sources */,
				12B76801211B0B84008724A1 /* SettingsViewController.swift in Sources */,
				129174AA211316E9002672DC /* DataManager.swift in Sources */,
				12B767FE211AC580008724A1 /* CoreDBManager.swift in Sources */,
				12F85CD9215B7A9100A48C5F /* WrongAnswer.swift in Sources */,
				12BFE9ED20F71DBF0082D03B /* ViewController.swift in Sources */,
				124A24BF212D485300471FF1 /* WeeklyUnitListCell.swift in Sources */,
				1239E3B4216B3D3100848B05 /* ContentOptionCell.swift in Sources */,
				12FA2DFE216F1D8500528838 /* Sore_labeling_Cell.swift in Sources */,
				1239E3B1216B383F00848B05 /* ContentOptionViewController.swift in Sources */,
				12F070E6211041A90071FA05 /* DBManager.swift in Sources */,
				1242A55F217EFEB2008FA99C /* SearchMediaViewController.swift in Sources */,
				12562C99216C89C400EEB796 /* TestViewController.swift in Sources */,
				12BFE9EB20F71DBF0082D03B /* AppDelegate.swift in Sources */,
				12A903AD2136C932006C8C02 /* BonusViewController.swift in Sources */,
				124A24BC212D449E00471FF1 /* WeeklyUnitListVC.swift in Sources */,
			);
			runOnlyForDeploymentPostprocessing = 0;
		};
/* End PBXSourcesBuildPhase section */

/* Begin PBXVariantGroup section */
		12BFE9EE20F71DBF0082D03B /* Main.storyboard */ = {
			isa = PBXVariantGroup;
			children = (
				12BFE9EF20F71DBF0082D03B /* Base */,
			);
			name = Main.storyboard;
			sourceTree = "<group>";
		};
		12BFE9F620F71DBF0082D03B /* LaunchScreen.storyboard */ = {
			isa = PBXVariantGroup;
			children = (
				12BFE9F720F71DBF0082D03B /* Base */,
			);
			name = LaunchScreen.storyboard;
			sourceTree = "<group>";
		};
/* End PBXVariantGroup section */

/* Begin XCBuildConfiguration section */
		12BFE9FA20F71DBF0082D03B /* Debug */ = {
			isa = XCBuildConfiguration;
			buildSettings = {
				ALWAYS_SEARCH_USER_PATHS = NO;
				CLANG_ANALYZER_NONNULL = YES;
				CLANG_ANALYZER_NUMBER_OBJECT_CONVERSION = YES_AGGRESSIVE;
				CLANG_CXX_LANGUAGE_STANDARD = "gnu++14";
				CLANG_CXX_LIBRARY = "libc++";
				CLANG_ENABLE_MODULES = YES;
				CLANG_ENABLE_OBJC_ARC = YES;
				CLANG_WARN_BLOCK_CAPTURE_AUTORELEASING = YES;
				CLANG_WARN_BOOL_CONVERSION = YES;
				CLANG_WARN_COMMA = YES;
				CLANG_WARN_CONSTANT_CONVERSION = YES;
				CLANG_WARN_DIRECT_OBJC_ISA_USAGE = YES_ERROR;
				CLANG_WARN_DOCUMENTATION_COMMENTS = YES;
				CLANG_WARN_EMPTY_BODY = YES;
				CLANG_WARN_ENUM_CONVERSION = YES;
				CLANG_WARN_INFINITE_RECURSION = YES;
				CLANG_WARN_INT_CONVERSION = YES;
				CLANG_WARN_NON_LITERAL_NULL_CONVERSION = YES;
				CLANG_WARN_OBJC_LITERAL_CONVERSION = YES;
				CLANG_WARN_OBJC_ROOT_CLASS = YES_ERROR;
				CLANG_WARN_RANGE_LOOP_ANALYSIS = YES;
				CLANG_WARN_STRICT_PROTOTYPES = YES;
				CLANG_WARN_SUSPICIOUS_MOVE = YES;
				CLANG_WARN_UNGUARDED_AVAILABILITY = YES_AGGRESSIVE;
				CLANG_WARN_UNREACHABLE_CODE = YES;
				CLANG_WARN__DUPLICATE_METHOD_MATCH = YES;
				CODE_SIGN_IDENTITY = "iPhone Developer";
				COPY_PHASE_STRIP = NO;
				DEBUG_INFORMATION_FORMAT = dwarf;
				ENABLE_STRICT_OBJC_MSGSEND = YES;
				ENABLE_TESTABILITY = YES;
				GCC_C_LANGUAGE_STANDARD = gnu11;
				GCC_DYNAMIC_NO_PIC = NO;
				GCC_NO_COMMON_BLOCKS = YES;
				GCC_OPTIMIZATION_LEVEL = 0;
				GCC_PREPROCESSOR_DEFINITIONS = (
					"DEBUG=1",
					"$(inherited)",
				);
				GCC_WARN_64_TO_32_BIT_CONVERSION = YES;
				GCC_WARN_ABOUT_RETURN_TYPE = YES_ERROR;
				GCC_WARN_UNDECLARED_SELECTOR = YES;
				GCC_WARN_UNINITIALIZED_AUTOS = YES_AGGRESSIVE;
				GCC_WARN_UNUSED_FUNCTION = YES;
				GCC_WARN_UNUSED_VARIABLE = YES;
				IPHONEOS_DEPLOYMENT_TARGET = 11.2;
				MTL_ENABLE_DEBUG_INFO = YES;
				ONLY_ACTIVE_ARCH = YES;
				SDKROOT = iphoneos;
				SWIFT_ACTIVE_COMPILATION_CONDITIONS = DEBUG;
				SWIFT_OPTIMIZATION_LEVEL = "-Onone";
			};
			name = Debug;
		};
		12BFE9FB20F71DBF0082D03B /* Release */ = {
			isa = XCBuildConfiguration;
			buildSettings = {
				ALWAYS_SEARCH_USER_PATHS = NO;
				CLANG_ANALYZER_NONNULL = YES;
				CLANG_ANALYZER_NUMBER_OBJECT_CONVERSION = YES_AGGRESSIVE;
				CLANG_CXX_LANGUAGE_STANDARD = "gnu++14";
				CLANG_CXX_LIBRARY = "libc++";
				CLANG_ENABLE_MODULES = YES;
				CLANG_ENABLE_OBJC_ARC = YES;
				CLANG_WARN_BLOCK_CAPTURE_AUTORELEASING = YES;
				CLANG_WARN_BOOL_CONVERSION = YES;
				CLANG_WARN_COMMA = YES;
				CLANG_WARN_CONSTANT_CONVERSION = YES;
				CLANG_WARN_DIRECT_OBJC_ISA_USAGE = YES_ERROR;
				CLANG_WARN_DOCUMENTATION_COMMENTS = YES;
				CLANG_WARN_EMPTY_BODY = YES;
				CLANG_WARN_ENUM_CONVERSION = YES;
				CLANG_WARN_INFINITE_RECURSION = YES;
				CLANG_WARN_INT_CONVERSION = YES;
				CLANG_WARN_NON_LITERAL_NULL_CONVERSION = YES;
				CLANG_WARN_OBJC_LITERAL_CONVERSION = YES;
				CLANG_WARN_OBJC_ROOT_CLASS = YES_ERROR;
				CLANG_WARN_RANGE_LOOP_ANALYSIS = YES;
				CLANG_WARN_STRICT_PROTOTYPES = YES;
				CLANG_WARN_SUSPICIOUS_MOVE = YES;
				CLANG_WARN_UNGUARDED_AVAILABILITY = YES_AGGRESSIVE;
				CLANG_WARN_UNREACHABLE_CODE = YES;
				CLANG_WARN__DUPLICATE_METHOD_MATCH = YES;
				CODE_SIGN_IDENTITY = "iPhone Developer";
				COPY_PHASE_STRIP = NO;
				DEBUG_INFORMATION_FORMAT = "dwarf-with-dsym";
				ENABLE_NS_ASSERTIONS = NO;
				ENABLE_STRICT_OBJC_MSGSEND = YES;
				GCC_C_LANGUAGE_STANDARD = gnu11;
				GCC_NO_COMMON_BLOCKS = YES;
				GCC_WARN_64_TO_32_BIT_CONVERSION = YES;
				GCC_WARN_ABOUT_RETURN_TYPE = YES_ERROR;
				GCC_WARN_UNDECLARED_SELECTOR = YES;
				GCC_WARN_UNINITIALIZED_AUTOS = YES_AGGRESSIVE;
				GCC_WARN_UNUSED_FUNCTION = YES;
				GCC_WARN_UNUSED_VARIABLE = YES;
				IPHONEOS_DEPLOYMENT_TARGET = 11.2;
				MTL_ENABLE_DEBUG_INFO = NO;
				SDKROOT = iphoneos;
				SWIFT_OPTIMIZATION_LEVEL = "-Owholemodule";
				VALIDATE_PRODUCT = YES;
			};
			name = Release;
		};
		12BFE9FD20F71DBF0082D03B /* Debug */ = {
			isa = XCBuildConfiguration;
			baseConfigurationReference = 94EFEE0FCCC1EBE58FC96467 /* Pods-StudiesWeekly.debug.xcconfig */;
			buildSettings = {
				ASSETCATALOG_COMPILER_APPICON_NAME = AppIcon;
				CODE_SIGN_STYLE = Automatic;
				DEVELOPMENT_TEAM = 9X8S6V3Z5G;
				INFOPLIST_FILE = "$(SRCROOT)/StudyWeaklyApp/Info.plist";
				IPHONEOS_DEPLOYMENT_TARGET = 11.2;
				LD_RUNPATH_SEARCH_PATHS = "$(inherited) @executable_path/Frameworks";
				PRODUCT_BUNDLE_IDENTIFIER = com.tekshapers.StudiesWeekly;
				PRODUCT_NAME = "$(TARGET_NAME)";
				SWIFT_INCLUDE_PATHS = "$(inherited) $(SRCROOT)/Fuzi/libxml2 CommonCrypto";
				SWIFT_VERSION = 3.0;
				TARGETED_DEVICE_FAMILY = "1,2";
			};
			name = Debug;
		};
		12BFE9FE20F71DBF0082D03B /* Release */ = {
			isa = XCBuildConfiguration;
			baseConfigurationReference = F5B8627DBC44D113DFD5DC36 /* Pods-StudiesWeekly.release.xcconfig */;
			buildSettings = {
				ASSETCATALOG_COMPILER_APPICON_NAME = AppIcon;
				CODE_SIGN_STYLE = Automatic;
				DEVELOPMENT_TEAM = 9X8S6V3Z5G;
				INFOPLIST_FILE = "$(SRCROOT)/StudyWeaklyApp/Info.plist";
				IPHONEOS_DEPLOYMENT_TARGET = 11.2;
				LD_RUNPATH_SEARCH_PATHS = "$(inherited) @executable_path/Frameworks";
				PRODUCT_BUNDLE_IDENTIFIER = com.tekshapers.StudiesWeekly;
				PRODUCT_NAME = "$(TARGET_NAME)";
				SWIFT_INCLUDE_PATHS = "$(inherited) $(SRCROOT)/Fuzi/libxml2 CommonCrypto";
				SWIFT_VERSION = 3.0;
				TARGETED_DEVICE_FAMILY = "1,2";
			};
			name = Release;
		};
/* End XCBuildConfiguration section */

/* Begin XCConfigurationList section */
		12BFE9E220F71DBE0082D03B /* Build configuration list for PBXProject "StudiesWeekly" */ = {
			isa = XCConfigurationList;
			buildConfigurations = (
				12BFE9FA20F71DBF0082D03B /* Debug */,
				12BFE9FB20F71DBF0082D03B /* Release */,
			);
			defaultConfigurationIsVisible = 0;
			defaultConfigurationName = Release;
		};
		12BFE9FC20F71DBF0082D03B /* Build configuration list for PBXNativeTarget "StudiesWeekly" */ = {
			isa = XCConfigurationList;
			buildConfigurations = (
				12BFE9FD20F71DBF0082D03B /* Debug */,
				12BFE9FE20F71DBF0082D03B /* Release */,
			);
			defaultConfigurationIsVisible = 0;
			defaultConfigurationName = Release;
		};
/* End XCConfigurationList section */

/* Begin XCVersionGroup section */
		12BFE9F120F71DBF0082D03B /* StudyWeaklyApp.xcdatamodeld */ = {
			isa = XCVersionGroup;
			children = (
				12BFE9F220F71DBF0082D03B /* StudyWeaklyApp.xcdatamodel */,
			);
			currentVersion = 12BFE9F220F71DBF0082D03B /* StudyWeaklyApp.xcdatamodel */;
			path = StudyWeaklyApp.xcdatamodeld;
			sourceTree = "<group>";
			versionGroupType = wrapper.xcdatamodel;
		};
/* End XCVersionGroup section */
	};
	rootObject = 12BFE9DF20F71DBE0082D03B /* Project object */;
}
